
Microsoft Visual Studio Solution File, Format Version 12.00
# Visual Studio 2013
VisualStudioVersion = 12.0.31101.0
MinimumVisualStudioVersion = 10.0.40219.1
Project("{FAE04EC0-301F-11D3-BF4B-00C04F79EFBC}") = "StudentSystem.Models", "StudentSystem.Models\StudentSystem.Models.csproj", "{C0108A07-8F3C-49FE-ADE2-0F507A74F189}"
EndProject
Project("{FAE04EC0-301F-11D3-BF4B-00C04F79EFBC}") = "StudentSystem.Data", "StudentSystem.Data\StudentSystem.Data.csproj", "{01876FAB-B7A1-476B-8895-117E8B766BCC}"
EndProject
Project("{FAE04EC0-301F-11D3-BF4B-00C04F79EFBC}") = "StudentSystem.ConsoleClient", "StudentSystem.ConsoleClient\StudentSystem.ConsoleClient.csproj", "{9042F272-9E0A-4D93-AE60-315C1868617B}"
EndProject
Global
	GlobalSection(SolutionConfigurationPlatforms) = preSolution
		Debug|Any CPU = Debug|Any CPU
		Release|Any CPU = Release|Any CPU
	EndGlobalSection
	GlobalSection(ProjectConfigurationPlatforms) = postSolution
		{C0108A07-8F3C-49FE-ADE2-0F507A74F189}.Debug|Any CPU.ActiveCfg = Debug|Any CPU
		{C0108A07-8F3C-49FE-ADE2-0F507A74F189}.Debug|Any CPU.Build.0 = Debug|Any CPU
		{C0108A07-8F3C-49FE-ADE2-0F507A74F189}.Release|Any CPU.ActiveCfg = Release|Any CPU
		{C0108A07-8F3C-49FE-ADE2-0F507A74F189}.Release|Any CPU.Build.0 = Release|Any CPU
		{01876FAB-B7A1-476B-8895-117E8B766BCC}.Debug|Any CPU.ActiveCfg = Debug|Any CPU
		{01876FAB-B7A1-476B-8895-117E8B766BCC}.Debug|Any CPU.Build.0 = Debug|Any CPU
		{01876FAB-B7A1-476B-8895-117E8B766BCC}.Release|Any CPU.ActiveCfg = Release|Any CPU
		{01876FAB-B7A1-476B-8895-117E8B766BCC}.Release|Any CPU.Build.0 = Release|Any CPU
		{9042F272-9E0A-4D93-AE60-315C1868617B}.Debug|Any CPU.ActiveCfg = Debug|Any CPU
		{9042F272-9E0A-4D93-AE60-315C1868617B}.Debug|Any CPU.Build.0 = Debug|Any CPU
		{9042F272-9E0A-4D93-AE60-315C1868617B}.Release|Any CPU.ActiveCfg = Release|Any CPU
		{9042F272-9E0A-4D93-AE60-315C1868617B}.Release|Any CPU.Build.0 = Release|Any CPU
	EndGlobalSection
	GlobalSection(SolutionProperties) = preSolution
		HideSolutionNode = FALSE
	EndGlobalSection
EndGlobal
