
Microsoft Visual Studio Solution File, Format Version 12.00
# Visual Studio Express 2012 for Windows Desktop
Project("{FAE04EC0-301F-11D3-BF4B-00C04F79EFBC}") = "HelloCSharp", "HelloCSharp\HelloCSharp.csproj", "{5196DC09-FF83-4F78-907F-AA4262BF496F}"
EndProject
Project("{FAE04EC0-301F-11D3-BF4B-00C04F79EFBC}") = "PrintMyName", "PrintMyName\PrintMyName.csproj", "{3A8C1B73-7CCE-4AD1-B76B-A6BFA431E6F8}"
EndProject
Project("{FAE04EC0-301F-11D3-BF4B-00C04F79EFBC}") = "PrintNumbers", "PrintNumbers\PrintNumbers.csproj", "{6FC7C1CA-151B-472E-84FA-912B27A55CF9}"
EndProject
Project("{FAE04EC0-301F-11D3-BF4B-00C04F79EFBC}") = "PrintMyFirstAndLastName", "PrintMyFirstAndLastName\PrintMyFirstAndLastName.csproj", "{4664B5FA-DE03-438B-B377-D5655E223A08}"
EndProject
Project("{FAE04EC0-301F-11D3-BF4B-00C04F79EFBC}") = "SquareRoot", "SquareRoot\SquareRoot.csproj", "{EF1D4EC3-126D-49E5-B8A4-8B8B3368C476}"
EndProject
Project("{FAE04EC0-301F-11D3-BF4B-00C04F79EFBC}") = "PrintSequence", "PrintSequence\PrintSequence.csproj", "{5C96684A-FD48-45FA-89E1-97CC4F770F1C}"
EndProject
Project("{FAE04EC0-301F-11D3-BF4B-00C04F79EFBC}") = "ReformatCode", "ReformatCode\ReformatCode.csproj", "{0537944C-F833-41EC-8D6A-FD9B2E692E7F}"
EndProject
Project("{FAE04EC0-301F-11D3-BF4B-00C04F79EFBC}") = "CurrentDateAndTime", "CurrentDateAndTime\CurrentDateAndTime.csproj", "{4EEBB84A-80F7-4B29-A4C7-448FA3C58119}"
EndProject
Project("{FAE04EC0-301F-11D3-BF4B-00C04F79EFBC}") = "PrintLongSequence", "PrintLongSequence\PrintLongSequence.csproj", "{D1A0623E-BB4C-48CE-9EAE-C1DC81B9C9D3}"
EndProject
Project("{FAE04EC0-301F-11D3-BF4B-00C04F79EFBC}") = "AgeAfter10Years", "AgeAfter10Years\AgeAfter10Years.csproj", "{513779B8-D535-4355-8833-768CFC04346A}"
EndProject
Global
	GlobalSection(SolutionConfigurationPlatforms) = preSolution
		Debug|Any CPU = Debug|Any CPU
		Release|Any CPU = Release|Any CPU
	EndGlobalSection
	GlobalSection(ProjectConfigurationPlatforms) = postSolution
		{5196DC09-FF83-4F78-907F-AA4262BF496F}.Debug|Any CPU.ActiveCfg = Debug|Any CPU
		{5196DC09-FF83-4F78-907F-AA4262BF496F}.Debug|Any CPU.Build.0 = Debug|Any CPU
		{5196DC09-FF83-4F78-907F-AA4262BF496F}.Release|Any CPU.ActiveCfg = Release|Any CPU
		{5196DC09-FF83-4F78-907F-AA4262BF496F}.Release|Any CPU.Build.0 = Release|Any CPU
		{3A8C1B73-7CCE-4AD1-B76B-A6BFA431E6F8}.Debug|Any CPU.ActiveCfg = Debug|Any CPU
		{3A8C1B73-7CCE-4AD1-B76B-A6BFA431E6F8}.Debug|Any CPU.Build.0 = Debug|Any CPU
		{3A8C1B73-7CCE-4AD1-B76B-A6BFA431E6F8}.Release|Any CPU.ActiveCfg = Release|Any CPU
		{3A8C1B73-7CCE-4AD1-B76B-A6BFA431E6F8}.Release|Any CPU.Build.0 = Release|Any CPU
		{6FC7C1CA-151B-472E-84FA-912B27A55CF9}.Debug|Any CPU.ActiveCfg = Debug|Any CPU
		{6FC7C1CA-151B-472E-84FA-912B27A55CF9}.Debug|Any CPU.Build.0 = Debug|Any CPU
		{6FC7C1CA-151B-472E-84FA-912B27A55CF9}.Release|Any CPU.ActiveCfg = Release|Any CPU
		{6FC7C1CA-151B-472E-84FA-912B27A55CF9}.Release|Any CPU.Build.0 = Release|Any CPU
		{4664B5FA-DE03-438B-B377-D5655E223A08}.Debug|Any CPU.ActiveCfg = Debug|Any CPU
		{4664B5FA-DE03-438B-B377-D5655E223A08}.Debug|Any CPU.Build.0 = Debug|Any CPU
		{4664B5FA-DE03-438B-B377-D5655E223A08}.Release|Any CPU.ActiveCfg = Release|Any CPU
		{4664B5FA-DE03-438B-B377-D5655E223A08}.Release|Any CPU.Build.0 = Release|Any CPU
		{EF1D4EC3-126D-49E5-B8A4-8B8B3368C476}.Debug|Any CPU.ActiveCfg = Debug|Any CPU
		{EF1D4EC3-126D-49E5-B8A4-8B8B3368C476}.Debug|Any CPU.Build.0 = Debug|Any CPU
		{EF1D4EC3-126D-49E5-B8A4-8B8B3368C476}.Release|Any CPU.ActiveCfg = Release|Any CPU
		{EF1D4EC3-126D-49E5-B8A4-8B8B3368C476}.Release|Any CPU.Build.0 = Release|Any CPU
		{5C96684A-FD48-45FA-89E1-97CC4F770F1C}.Debug|Any CPU.ActiveCfg = Debug|Any CPU
		{5C96684A-FD48-45FA-89E1-97CC4F770F1C}.Debug|Any CPU.Build.0 = Debug|Any CPU
		{5C96684A-FD48-45FA-89E1-97CC4F770F1C}.Release|Any CPU.ActiveCfg = Release|Any CPU
		{5C96684A-FD48-45FA-89E1-97CC4F770F1C}.Release|Any CPU.Build.0 = Release|Any CPU
		{0537944C-F833-41EC-8D6A-FD9B2E692E7F}.Debug|Any CPU.ActiveCfg = Debug|Any CPU
		{0537944C-F833-41EC-8D6A-FD9B2E692E7F}.Debug|Any CPU.Build.0 = Debug|Any CPU
		{0537944C-F833-41EC-8D6A-FD9B2E692E7F}.Release|Any CPU.ActiveCfg = Release|Any CPU
		{0537944C-F833-41EC-8D6A-FD9B2E692E7F}.Release|Any CPU.Build.0 = Release|Any CPU
		{4EEBB84A-80F7-4B29-A4C7-448FA3C58119}.Debug|Any CPU.ActiveCfg = Debug|Any CPU
		{4EEBB84A-80F7-4B29-A4C7-448FA3C58119}.Debug|Any CPU.Build.0 = Debug|Any CPU
		{4EEBB84A-80F7-4B29-A4C7-448FA3C58119}.Release|Any CPU.ActiveCfg = Release|Any CPU
		{4EEBB84A-80F7-4B29-A4C7-448FA3C58119}.Release|Any CPU.Build.0 = Release|Any CPU
		{D1A0623E-BB4C-48CE-9EAE-C1DC81B9C9D3}.Debug|Any CPU.ActiveCfg = Debug|Any CPU
		{D1A0623E-BB4C-48CE-9EAE-C1DC81B9C9D3}.Debug|Any CPU.Build.0 = Debug|Any CPU
		{D1A0623E-BB4C-48CE-9EAE-C1DC81B9C9D3}.Release|Any CPU.ActiveCfg = Release|Any CPU
		{D1A0623E-BB4C-48CE-9EAE-C1DC81B9C9D3}.Release|Any CPU.Build.0 = Release|Any CPU
		{513779B8-D535-4355-8833-768CFC04346A}.Debug|Any CPU.ActiveCfg = Debug|Any CPU
		{513779B8-D535-4355-8833-768CFC04346A}.Debug|Any CPU.Build.0 = Debug|Any CPU
		{513779B8-D535-4355-8833-768CFC04346A}.Release|Any CPU.ActiveCfg = Release|Any CPU
		{513779B8-D535-4355-8833-768CFC04346A}.Release|Any CPU.Build.0 = Release|Any CPU
	EndGlobalSection
	GlobalSection(SolutionProperties) = preSolution
		HideSolutionNode = FALSE
	EndGlobalSection
EndGlobal
